
Microsoft Visual Studio Solution File, Format Version 12.00
# Visual Studio Version 17
VisualStudioVersion = 17.8.34511.84
MinimumVisualStudioVersion = 10.0.40219.1
Project("{9A19103F-16F7-4668-BE54-9A1E7A4F7556}") = "RPN", "RPNtry51\RPN.csproj", "{FE8409DE-FD36-4CF6-B2FE-0FE7BBCC1CBD}"
EndProject
Global
	GlobalSection(SolutionConfigurationPlatforms) = preSolution
		Debug|Any CPU = Debug|Any CPU
		Release|Any CPU = Release|Any CPU
	EndGlobalSection
	GlobalSection(ProjectConfigurationPlatforms) = postSolution
		{FE8409DE-FD36-4CF6-B2FE-0FE7BBCC1CBD}.Debug|Any CPU.ActiveCfg = Debug|Any CPU
		{FE8409DE-FD36-4CF6-B2FE-0FE7BBCC1CBD}.Debug|Any CPU.Build.0 = Debug|Any CPU
		{FE8409DE-FD36-4CF6-B2FE-0FE7BBCC1CBD}.Release|Any CPU.ActiveCfg = Release|Any CPU
		{FE8409DE-FD36-4CF6-B2FE-0FE7BBCC1CBD}.Release|Any CPU.Build.0 = Release|Any CPU
	EndGlobalSection
	GlobalSection(SolutionProperties) = preSolution
		HideSolutionNode = FALSE
	EndGlobalSection
	GlobalSection(ExtensibilityGlobals) = postSolution
		SolutionGuid = {629E8B33-C842-492F-AE8A-1FBA3449EA6E}
	EndGlobalSection
EndGlobal
